
Microsoft Visual Studio Solution File, Format Version 12.00
# Visual Studio 15
VisualStudioVersion = 15.0.28307.572
MinimumVisualStudioVersion = 10.0.40219.1
Project("{FAE04EC0-301F-11D3-BF4B-00C04F79EFBC}") = "SQLInitializer.Library", "SQLInitializer.Library\SQLInitializer.Library.csproj", "{A55CA87B-F8B8-4F07-BE56-CDD373318EE8}"
EndProject
Project("{FAE04EC0-301F-11D3-BF4B-00C04F79EFBC}") = "SQLInitializer.Test", "SQLInitializer.Test\SQLInitializer.Test.csproj", "{D82DED0D-B024-41F5-B06D-9D32E07972C4}"
EndProject
Project("{FAE04EC0-301F-11D3-BF4B-00C04F79EFBC}") = "SQLInitializer.App", "SQLInitializer.App\SQLInitializer.App.csproj", "{5B7C015A-0C3B-4799-83FC-27D05B5CA910}"
EndProject
Global
	GlobalSection(SolutionConfigurationPlatforms) = preSolution
		Debug|Any CPU = Debug|Any CPU
		Release|Any CPU = Release|Any CPU
	EndGlobalSection
	GlobalSection(ProjectConfigurationPlatforms) = postSolution
		{A55CA87B-F8B8-4F07-BE56-CDD373318EE8}.Debug|Any CPU.ActiveCfg = Debug|Any CPU
		{A55CA87B-F8B8-4F07-BE56-CDD373318EE8}.Debug|Any CPU.Build.0 = Debug|Any CPU
		{A55CA87B-F8B8-4F07-BE56-CDD373318EE8}.Release|Any CPU.ActiveCfg = Release|Any CPU
		{A55CA87B-F8B8-4F07-BE56-CDD373318EE8}.Release|Any CPU.Build.0 = Release|Any CPU
		{D82DED0D-B024-41F5-B06D-9D32E07972C4}.Debug|Any CPU.ActiveCfg = Debug|Any CPU
		{D82DED0D-B024-41F5-B06D-9D32E07972C4}.Debug|Any CPU.Build.0 = Debug|Any CPU
		{D82DED0D-B024-41F5-B06D-9D32E07972C4}.Release|Any CPU.ActiveCfg = Release|Any CPU
		{D82DED0D-B024-41F5-B06D-9D32E07972C4}.Release|Any CPU.Build.0 = Release|Any CPU
		{5B7C015A-0C3B-4799-83FC-27D05B5CA910}.Debug|Any CPU.ActiveCfg = Debug|Any CPU
		{5B7C015A-0C3B-4799-83FC-27D05B5CA910}.Debug|Any CPU.Build.0 = Debug|Any CPU
		{5B7C015A-0C3B-4799-83FC-27D05B5CA910}.Release|Any CPU.ActiveCfg = Release|Any CPU
		{5B7C015A-0C3B-4799-83FC-27D05B5CA910}.Release|Any CPU.Build.0 = Release|Any CPU
	EndGlobalSection
	GlobalSection(SolutionProperties) = preSolution
		HideSolutionNode = FALSE
	EndGlobalSection
	GlobalSection(ExtensibilityGlobals) = postSolution
		SolutionGuid = {A695CB2D-AD9A-42CA-8532-8A23127898FA}
	EndGlobalSection
EndGlobal
